// !$*UTF8*$!
{
	archiveVersion = 1;
	classes = {
	};
	objectVersion = 46;
	objects = {

/* Begin PBXBuildFile section */
		BD0F6114179870E600953661 /* Campaign.m in Sources */ = {isa = PBXBuildFile; fileRef = BD0F6113179870E600953661 /* Campaign.m */; };
		BD0F6135179876CA00953661 /* mission1.png in Resources */ = {isa = PBXBuildFile; fileRef = BD0F6125179876CA00953661 /* mission1.png */; };
		BD0F6136179876CA00953661 /* mission1@2x.png in Resources */ = {isa = PBXBuildFile; fileRef = BD0F6126179876CA00953661 /* mission1@2x.png */; };
		BD0F6137179876CA00953661 /* mission2.png in Resources */ = {isa = PBXBuildFile; fileRef = BD0F6127179876CA00953661 /* mission2.png */; };
		BD0F6138179876CA00953661 /* mission2@2x.png in Resources */ = {isa = PBXBuildFile; fileRef = BD0F6128179876CA00953661 /* mission2@2x.png */; };
		BD0F6139179876CA00953661 /* missiona.png in Resources */ = {isa = PBXBuildFile; fileRef = BD0F6129179876CA00953661 /* missiona.png */; };
		BD0F613A179876CA00953661 /* missiona@2x.png in Resources */ = {isa = PBXBuildFile; fileRef = BD0F612A179876CA00953661 /* missiona@2x.png */; };
		BD0F613B179876CA00953661 /* missionb.png in Resources */ = {isa = PBXBuildFile; fileRef = BD0F612B179876CA00953661 /* missionb.png */; };
		BD0F613C179876CA00953661 /* missionb@2x.png in Resources */ = {isa = PBXBuildFile; fileRef = BD0F612C179876CA00953661 /* missionb@2x.png */; };
		BD0F613D179876CA00953661 /* missionc.png in Resources */ = {isa = PBXBuildFile; fileRef = BD0F612D179876CA00953661 /* missionc.png */; };
		BD0F613E179876CA00953661 /* missionc@2x.png in Resources */ = {isa = PBXBuildFile; fileRef = BD0F612E179876CA00953661 /* missionc@2x.png */; };
		BD0F614D1798770300953661 /* bigmission1.png in Resources */ = {isa = PBXBuildFile; fileRef = BD0F61451798770300953661 /* bigmission1.png */; };
		BD0F614E1798770300953661 /* bigmission2.png in Resources */ = {isa = PBXBuildFile; fileRef = BD0F61461798770300953661 /* bigmission2.png */; };
		BD0F614F1798770300953661 /* bigmissiona.png in Resources */ = {isa = PBXBuildFile; fileRef = BD0F61471798770300953661 /* bigmissiona.png */; };
		BD0F61501798770300953661 /* bigmissionb.png in Resources */ = {isa = PBXBuildFile; fileRef = BD0F61481798770300953661 /* bigmissionb.png */; };
		BD0F61511798770300953661 /* bigmissionc.png in Resources */ = {isa = PBXBuildFile; fileRef = BD0F61491798770300953661 /* bigmissionc.png */; };
		BD0F616C1798976D00953661 /* bomb1A.png in Resources */ = {isa = PBXBuildFile; fileRef = BD0F61581798976D00953661 /* bomb1A.png */; };
		BD0F616D1798976D00953661 /* bomb1A@2x.png in Resources */ = {isa = PBXBuildFile; fileRef = BD0F61591798976D00953661 /* bomb1A@2x.png */; };
		BD0F616E1798976D00953661 /* bomb1B.png in Resources */ = {isa = PBXBuildFile; fileRef = BD0F615A1798976D00953661 /* bomb1B.png */; };
		BD0F616F1798976D00953661 /* bomb1B@2x.png in Resources */ = {isa = PBXBuildFile; fileRef = BD0F615B1798976D00953661 /* bomb1B@2x.png */; };
		BD0F61701798976D00953661 /* bomb1C.png in Resources */ = {isa = PBXBuildFile; fileRef = BD0F615C1798976D00953661 /* bomb1C.png */; };
		BD0F61711798976D00953661 /* bomb1C@2x.png in Resources */ = {isa = PBXBuildFile; fileRef = BD0F615D1798976D00953661 /* bomb1C@2x.png */; };
		BD0F61721798976D00953661 /* bomb2A.png in Resources */ = {isa = PBXBuildFile; fileRef = BD0F615E1798976D00953661 /* bomb2A.png */; };
		BD0F61731798976D00953661 /* bomb2A@2x.png in Resources */ = {isa = PBXBuildFile; fileRef = BD0F615F1798976D00953661 /* bomb2A@2x.png */; };
		BD0F61741798976D00953661 /* bomb2B.png in Resources */ = {isa = PBXBuildFile; fileRef = BD0F61601798976D00953661 /* bomb2B.png */; };
		BD0F61751798976D00953661 /* bomb2B@2x.png in Resources */ = {isa = PBXBuildFile; fileRef = BD0F61611798976D00953661 /* bomb2B@2x.png */; };
		BD0F61761798976D00953661 /* bomb2C.png in Resources */ = {isa = PBXBuildFile; fileRef = BD0F61621798976D00953661 /* bomb2C.png */; };
		BD0F61771798976D00953661 /* bomb2C@2x.png in Resources */ = {isa = PBXBuildFile; fileRef = BD0F61631798976D00953661 /* bomb2C@2x.png */; };
		BD0F61781798976D00953661 /* bomb3A.png in Resources */ = {isa = PBXBuildFile; fileRef = BD0F61641798976D00953661 /* bomb3A.png */; };
		BD0F61791798976D00953661 /* bomb3A@2x.png in Resources */ = {isa = PBXBuildFile; fileRef = BD0F61651798976D00953661 /* bomb3A@2x.png */; };
		BD0F617A1798976D00953661 /* bomb3B.png in Resources */ = {isa = PBXBuildFile; fileRef = BD0F61661798976D00953661 /* bomb3B.png */; };
		BD0F617B1798976D00953661 /* bomb3B@2x.png in Resources */ = {isa = PBXBuildFile; fileRef = BD0F61671798976D00953661 /* bomb3B@2x.png */; };
		BD0F617C1798976D00953661 /* bomb3C.png in Resources */ = {isa = PBXBuildFile; fileRef = BD0F61681798976D00953661 /* bomb3C.png */; };
		BD0F617D1798976D00953661 /* bomb3C@2x.png in Resources */ = {isa = PBXBuildFile; fileRef = BD0F61691798976D00953661 /* bomb3C@2x.png */; };
		BD0F617E1798976D00953661 /* bombF.png in Resources */ = {isa = PBXBuildFile; fileRef = BD0F616A1798976D00953661 /* bombF.png */; };
		BD0F617F1798976D00953661 /* bombF@2x.png in Resources */ = {isa = PBXBuildFile; fileRef = BD0F616B1798976D00953661 /* bombF@2x.png */; };
		BD0F6182179898D400953661 /* AddBombVC.m in Sources */ = {isa = PBXBuildFile; fileRef = BD0F6181179898D400953661 /* AddBombVC.m */; };
		BD0F61851799BA4100953661 /* RunningMissionVC.m in Sources */ = {isa = PBXBuildFile; fileRef = BD0F61841799BA4100953661 /* RunningMissionVC.m */; };
		BD0F61881799BE1500953661 /* AllBombsMissionVC.m in Sources */ = {isa = PBXBuildFile; fileRef = BD0F61871799BE1400953661 /* AllBombsMissionVC.m */; };
		BD0F618B1799BE2D00953661 /* SingleBombMissionVC.m in Sources */ = {isa = PBXBuildFile; fileRef = BD0F618A1799BE2D00953661 /* SingleBombMissionVC.m */; };
		BD0F61921799D7E700953661 /* home.png in Resources */ = {isa = PBXBuildFile; fileRef = BD0F618C1799D7E700953661 /* home.png */; };
		BD0F61931799D7E700953661 /* home@2x.png in Resources */ = {isa = PBXBuildFile; fileRef = BD0F618D1799D7E700953661 /* home@2x.png */; };
		BD0F61941799D7E700953661 /* pause.png in Resources */ = {isa = PBXBuildFile; fileRef = BD0F618E1799D7E700953661 /* pause.png */; };
		BD0F61951799D7E700953661 /* pause@2x.png in Resources */ = {isa = PBXBuildFile; fileRef = BD0F618F1799D7E700953661 /* pause@2x.png */; };
		BD0F61961799D7E700953661 /* start.png in Resources */ = {isa = PBXBuildFile; fileRef = BD0F61901799D7E700953661 /* start.png */; };
		BD0F61971799D7E700953661 /* start@2x.png in Resources */ = {isa = PBXBuildFile; fileRef = BD0F61911799D7E700953661 /* start@2x.png */; };
		BD0F619C179A517E00953661 /* greencheck.png in Resources */ = {isa = PBXBuildFile; fileRef = BD0F6198179A517D00953661 /* greencheck.png */; };
		BD0F619D179A517E00953661 /* greencheck@2x.png in Resources */ = {isa = PBXBuildFile; fileRef = BD0F6199179A517D00953661 /* greencheck@2x.png */; };
		BD0F619E179A517E00953661 /* redex.png in Resources */ = {isa = PBXBuildFile; fileRef = BD0F619A179A517D00953661 /* redex.png */; };
		BD0F619F179A517E00953661 /* redex@2x.png in Resources */ = {isa = PBXBuildFile; fileRef = BD0F619B179A517D00953661 /* redex@2x.png */; };
		BD0F61A5179CABF900953661 /* Icon.png in Resources */ = {isa = PBXBuildFile; fileRef = BD0F61A4179CABF900953661 /* Icon.png */; };
		BD0F61A7179CAC5F00953661 /* Icon@2x.png in Resources */ = {isa = PBXBuildFile; fileRef = BD0F61A6179CAC5F00953661 /* Icon@2x.png */; };
		BD0F61AC179CD7F000953661 /* notselected.png in Resources */ = {isa = PBXBuildFile; fileRef = BD0F61A8179CD7F000953661 /* notselected.png */; };
		BD0F61AD179CD7F000953661 /* notselected@2x.png in Resources */ = {isa = PBXBuildFile; fileRef = BD0F61A9179CD7F000953661 /* notselected@2x.png */; };
		BD0F61AE179CD7F000953661 /* selected.png in Resources */ = {isa = PBXBuildFile; fileRef = BD0F61AA179CD7F000953661 /* selected.png */; };
		BD0F61AF179CD7F000953661 /* selected@2x.png in Resources */ = {isa = PBXBuildFile; fileRef = BD0F61AB179CD7F000953661 /* selected@2x.png */; };
		BD36328917A0800E00A2BB71 /* ScrollMissionVC.m in Sources */ = {isa = PBXBuildFile; fileRef = BD36328817A0800D00A2BB71 /* ScrollMissionVC.m */; };
		BD5418C617D7CF1D00AF6239 /* IconIpad.png in Resources */ = {isa = PBXBuildFile; fileRef = BD5418C517D7CF1D00AF6239 /* IconIpad.png */; };
		BD5418C817D7CF7E00AF6239 /* IconIpad@2x.png in Resources */ = {isa = PBXBuildFile; fileRef = BD5418C717D7CF7E00AF6239 /* IconIpad@2x.png */; };
		BD5418CA17D7D03900AF6239 /* Default-Portrait~ipad.png in Resources */ = {isa = PBXBuildFile; fileRef = BD5418C917D7D03800AF6239 /* Default-Portrait~ipad.png */; };
		BD5418CC17D7D23B00AF6239 /* Default-Portrait@2x~ipad.png in Resources */ = {isa = PBXBuildFile; fileRef = BD5418CB17D7D23B00AF6239 /* Default-Portrait@2x~ipad.png */; };
		BD62FF1A17A1B68A005EBEAA /* Default~ipad.png in Resources */ = {isa = PBXBuildFile; fileRef = BD62FF1917A1B68A005EBEAA /* Default~ipad.png */; };
		BD7E416117972D7300FBB8D1 /* UIKit.framework in Frameworks */ = {isa = PBXBuildFile; fileRef = BD7E416017972D7300FBB8D1 /* UIKit.framework */; };
		BD7E416317972D7300FBB8D1 /* Foundation.framework in Frameworks */ = {isa = PBXBuildFile; fileRef = BD7E416217972D7300FBB8D1 /* Foundation.framework */; };
		BD7E416517972D7300FBB8D1 /* CoreGraphics.framework in Frameworks */ = {isa = PBXBuildFile; fileRef = BD7E416417972D7300FBB8D1 /* CoreGraphics.framework */; };
		BD7E416B17972D7300FBB8D1 /* InfoPlist.strings in Resources */ = {isa = PBXBuildFile; fileRef = BD7E416917972D7300FBB8D1 /* InfoPlist.strings */; };
		BD7E416D17972D7300FBB8D1 /* main.m in Sources */ = {isa = PBXBuildFile; fileRef = BD7E416C17972D7300FBB8D1 /* main.m */; };
		BD7E417117972D7300FBB8D1 /* AppDelegate.m in Sources */ = {isa = PBXBuildFile; fileRef = BD7E417017972D7300FBB8D1 /* AppDelegate.m */; };
		BD7E417717972D7300FBB8D1 /* Default-568h@2x.png in Resources */ = {isa = PBXBuildFile; fileRef = BD7E417617972D7300FBB8D1 /* Default-568h@2x.png */; };
		BD7E417A17972D7300FBB8D1 /* MainStoryboard_iPhone.storyboard in Resources */ = {isa = PBXBuildFile; fileRef = BD7E417817972D7300FBB8D1 /* MainStoryboard_iPhone.storyboard */; };
		BD7E417D17972D7300FBB8D1 /* MainStoryboard_iPad.storyboard in Resources */ = {isa = PBXBuildFile; fileRef = BD7E417B17972D7300FBB8D1 /* MainStoryboard_iPad.storyboard */; };
		BD7E418817972D7300FBB8D1 /* SenTestingKit.framework in Frameworks */ = {isa = PBXBuildFile; fileRef = BD7E418717972D7300FBB8D1 /* SenTestingKit.framework */; };
		BD7E418917972D7300FBB8D1 /* UIKit.framework in Frameworks */ = {isa = PBXBuildFile; fileRef = BD7E416017972D7300FBB8D1 /* UIKit.framework */; };
		BD7E418A17972D7300FBB8D1 /* Foundation.framework in Frameworks */ = {isa = PBXBuildFile; fileRef = BD7E416217972D7300FBB8D1 /* Foundation.framework */; };
		BD7E419217972D7300FBB8D1 /* InfoPlist.strings in Resources */ = {isa = PBXBuildFile; fileRef = BD7E419017972D7300FBB8D1 /* InfoPlist.strings */; };
		BD7E419517972D7300FBB8D1 /* BombSquadTests.m in Sources */ = {isa = PBXBuildFile; fileRef = BD7E419417972D7300FBB8D1 /* BombSquadTests.m */; };
		BD7E41A01797308400FBB8D1 /* BSNavigationController.m in Sources */ = {isa = PBXBuildFile; fileRef = BD7E419F1797308400FBB8D1 /* BSNavigationController.m */; };
		BD7E41A61797313800FBB8D1 /* MainVC.m in Sources */ = {isa = PBXBuildFile; fileRef = BD7E41A51797313800FBB8D1 /* MainVC.m */; };
		BD7E41A91797319600FBB8D1 /* BombSquadLogo.png in Resources */ = {isa = PBXBuildFile; fileRef = BD7E41A71797319600FBB8D1 /* BombSquadLogo.png */; };
		BD7E41AA1797319600FBB8D1 /* BombSquadLogo@2x.png in Resources */ = {isa = PBXBuildFile; fileRef = BD7E41A81797319600FBB8D1 /* BombSquadLogo@2x.png */; };
		BD7E41AD1797346000FBB8D1 /* BSTimer.m in Sources */ = {isa = PBXBuildFile; fileRef = BD7E41AC1797346000FBB8D1 /* BSTimer.m */; };
		BD7E41B0179735F000FBB8D1 /* Bomb.m in Sources */ = {isa = PBXBuildFile; fileRef = BD7E41AF179735F000FBB8D1 /* Bomb.m */; };
		BD7E41B317973ABC00FBB8D1 /* BombList.m in Sources */ = {isa = PBXBuildFile; fileRef = BD7E41B217973ABC00FBB8D1 /* BombList.m */; };
		BD7E41BE1797906F00FBB8D1 /* amission.m4a in Resources */ = {isa = PBXBuildFile; fileRef = BD7E41B41797906F00FBB8D1 /* amission.m4a */; };
		BD7E41BF1797906F00FBB8D1 /* bigbomb.m4a in Resources */ = {isa = PBXBuildFile; fileRef = BD7E41B51797906F00FBB8D1 /* bigbomb.m4a */; };
		BD7E41C01797906F00FBB8D1 /* heartbeat.m4a in Resources */ = {isa = PBXBuildFile; fileRef = BD7E41B61797906F00FBB8D1 /* heartbeat.m4a */; };
		BD7E41C11797906F00FBB8D1 /* hiddenagenda.m4a in Resources */ = {isa = PBXBuildFile; fileRef = BD7E41B71797906F00FBB8D1 /* hiddenagenda.m4a */; };
		BD7E41C21797906F00FBB8D1 /* hitman.m4a in Resources */ = {isa = PBXBuildFile; fileRef = BD7E41B81797906F00FBB8D1 /* hitman.m4a */; };
		BD7E41C31797906F00FBB8D1 /* impendingboom.m4a in Resources */ = {isa = PBXBuildFile; fileRef = BD7E41B91797906F00FBB8D1 /* impendingboom.m4a */; };
		BD7E41C41797906F00FBB8D1 /* mechanical.m4a in Resources */ = {isa = PBXBuildFile; fileRef = BD7E41BA1797906F00FBB8D1 /* mechanical.m4a */; };
		BD7E41C51797906F00FBB8D1 /* smallbomb.m4a in Resources */ = {isa = PBXBuildFile; fileRef = BD7E41BB1797906F00FBB8D1 /* smallbomb.m4a */; };
		BD7E41C61797906F00FBB8D1 /* spygroove.m4a in Resources */ = {isa = PBXBuildFile; fileRef = BD7E41BC1797906F00FBB8D1 /* spygroove.m4a */; };
		BD7E41C71797906F00FBB8D1 /* tickingclock.m4a in Resources */ = {isa = PBXBuildFile; fileRef = BD7E41BD1797906F00FBB8D1 /* tickingclock.m4a */; };
		BD7E41C9179790E100FBB8D1 /* AVFoundation.framework in Frameworks */ = {isa = PBXBuildFile; fileRef = BD7E41C8179790E100FBB8D1 /* AVFoundation.framework */; };
		BD7E41CC179796D300FBB8D1 /* MissionSetupVC.m in Sources */ = {isa = PBXBuildFile; fileRef = BD7E41CB179796D300FBB8D1 /* MissionSetupVC.m */; };
		BD7E41CF1797970B00FBB8D1 /* CampaignSetupVC.m in Sources */ = {isa = PBXBuildFile; fileRef = BD7E41CE1797970B00FBB8D1 /* CampaignSetupVC.m */; };
		BD7E41D21797977700FBB8D1 /* QuickSetupVC.m in Sources */ = {isa = PBXBuildFile; fileRef = BD7E41D11797977700FBB8D1 /* QuickSetupVC.m */; };
		BD7E41D51797989A00FBB8D1 /* SettingsVC.m in Sources */ = {isa = PBXBuildFile; fileRef = BD7E41D41797989A00FBB8D1 /* SettingsVC.m */; };
		BD7E41D81797994100FBB8D1 /* AboutVC.m in Sources */ = {isa = PBXBuildFile; fileRef = BD7E41D71797994100FBB8D1 /* AboutVC.m */; };
		BDF8E55F18163AC300AD654B /* countdown.m4a in Resources */ = {isa = PBXBuildFile; fileRef = BDF8E55E18163AC300AD654B /* countdown.m4a */; };
		BDFAE8E0183FDEA100F0C2B8 /* HelpVC.m in Sources */ = {isa = PBXBuildFile; fileRef = BDFAE8DF183FDEA100F0C2B8 /* HelpVC.m */; };
		BDFAE8EF1846879700F0C2B8 /* help1.png in Resources */ = {isa = PBXBuildFile; fileRef = BDFAE8E11846879700F0C2B8 /* help1.png */; };
		BDFAE8F01846879700F0C2B8 /* help2.png in Resources */ = {isa = PBXBuildFile; fileRef = BDFAE8E21846879700F0C2B8 /* help2.png */; };
		BDFAE8F11846879700F0C2B8 /* help3.png in Resources */ = {isa = PBXBuildFile; fileRef = BDFAE8E31846879700F0C2B8 /* help3.png */; };
		BDFAE8F21846879700F0C2B8 /* help4.png in Resources */ = {isa = PBXBuildFile; fileRef = BDFAE8E41846879700F0C2B8 /* help4.png */; };
		BDFAE8F31846879700F0C2B8 /* help5.png in Resources */ = {isa = PBXBuildFile; fileRef = BDFAE8E51846879700F0C2B8 /* help5.png */; };
		BDFAE8F41846879700F0C2B8 /* help6.png in Resources */ = {isa = PBXBuildFile; fileRef = BDFAE8E61846879700F0C2B8 /* help6.png */; };
		BDFAE8F51846879700F0C2B8 /* help7.png in Resources */ = {isa = PBXBuildFile; fileRef = BDFAE8E71846879700F0C2B8 /* help7.png */; };
		BDFAE8F61846879700F0C2B8 /* help8.png in Resources */ = {isa = PBXBuildFile; fileRef = BDFAE8E81846879700F0C2B8 /* help8.png */; };
		BDFAE8F71846879700F0C2B8 /* help9.png in Resources */ = {isa = PBXBuildFile; fileRef = BDFAE8E91846879700F0C2B8 /* help9.png */; };
		BDFAE8F81846879700F0C2B8 /* help10.png in Resources */ = {isa = PBXBuildFile; fileRef = BDFAE8EA1846879700F0C2B8 /* help10.png */; };
		BDFAE8F91846879700F0C2B8 /* help11.png in Resources */ = {isa = PBXBuildFile; fileRef = BDFAE8EB1846879700F0C2B8 /* help11.png */; };
		BDFAE8FA1846879700F0C2B8 /* help12.png in Resources */ = {isa = PBXBuildFile; fileRef = BDFAE8EC1846879700F0C2B8 /* help12.png */; };
		BDFAE8FB1846879700F0C2B8 /* help13.png in Resources */ = {isa = PBXBuildFile; fileRef = BDFAE8ED1846879700F0C2B8 /* help13.png */; };
		BDFAE8FC1846879700F0C2B8 /* help14.png in Resources */ = {isa = PBXBuildFile; fileRef = BDFAE8EE1846879700F0C2B8 /* help14.png */; };
		BDFAE8FF1846947400F0C2B8 /* left.png in Resources */ = {isa = PBXBuildFile; fileRef = BDFAE8FD1846947300F0C2B8 /* left.png */; };
		BDFAE9001846947400F0C2B8 /* right.png in Resources */ = {isa = PBXBuildFile; fileRef = BDFAE8FE1846947400F0C2B8 /* right.png */; };
/* End PBXBuildFile section */

/* Begin PBXContainerItemProxy section */
		BD7E418B17972D7300FBB8D1 /* PBXContainerItemProxy */ = {
			isa = PBXContainerItemProxy;
			containerPortal = BD7E415517972D7300FBB8D1 /* Project object */;
			proxyType = 1;
			remoteGlobalIDString = BD7E415C17972D7300FBB8D1;
			remoteInfo = BombSquad;
		};
/* End PBXContainerItemProxy section */

/* Begin PBXFileReference section */
		BD0F6112179870E600953661 /* Campaign.h */ = {isa = PBXFileReference; fileEncoding = 4; lastKnownFileType = sourcecode.c.h; path = Campaign.h; sourceTree = "<group>"; };
		BD0F6113179870E600953661 /* Campaign.m */ = {isa = PBXFileReference; fileEncoding = 4; lastKnownFileType = sourcecode.c.objc; path = Campaign.m; sourceTree = "<group>"; };
		BD0F6125179876CA00953661 /* mission1.png */ = {isa = PBXFileReference; lastKnownFileType = image.png; path = mission1.png; sourceTree = "<group>"; };
		BD0F6126179876CA00953661 /* mission1@2x.png */ = {isa = PBXFileReference; lastKnownFileType = image.png; path = "mission1@2x.png"; sourceTree = "<group>"; };
		BD0F6127179876CA00953661 /* mission2.png */ = {isa = PBXFileReference; lastKnownFileType = image.png; path = mission2.png; sourceTree = "<group>"; };
		BD0F6128179876CA00953661 /* mission2@2x.png */ = {isa = PBXFileReference; lastKnownFileType = image.png; path = "mission2@2x.png"; sourceTree = "<group>"; };
		BD0F6129179876CA00953661 /* missiona.png */ = {isa = PBXFileReference; lastKnownFileType = image.png; path = missiona.png; sourceTree = "<group>"; };
		BD0F612A179876CA00953661 /* missiona@2x.png */ = {isa = PBXFileReference; lastKnownFileType = image.png; path = "missiona@2x.png"; sourceTree = "<group>"; };
		BD0F612B179876CA00953661 /* missionb.png */ = {isa = PBXFileReference; lastKnownFileType = image.png; path = missionb.png; sourceTree = "<group>"; };
		BD0F612C179876CA00953661 /* missionb@2x.png */ = {isa = PBXFileReference; lastKnownFileType = image.png; path = "missionb@2x.png"; sourceTree = "<group>"; };
		BD0F612D179876CA00953661 /* missionc.png */ = {isa = PBXFileReference; lastKnownFileType = image.png; path = missionc.png; sourceTree = "<group>"; };
		BD0F612E179876CA00953661 /* missionc@2x.png */ = {isa = PBXFileReference; lastKnownFileType = image.png; path = "missionc@2x.png"; sourceTree = "<group>"; };
		BD0F61451798770300953661 /* bigmission1.png */ = {isa = PBXFileReference; lastKnownFileType = image.png; path = bigmission1.png; sourceTree = "<group>"; };
		BD0F61461798770300953661 /* bigmission2.png */ = {isa = PBXFileReference; lastKnownFileType = image.png; path = bigmission2.png; sourceTree = "<group>"; };
		BD0F61471798770300953661 /* bigmissiona.png */ = {isa = PBXFileReference; lastKnownFileType = image.png; path = bigmissiona.png; sourceTree = "<group>"; };
		BD0F61481798770300953661 /* bigmissionb.png */ = {isa = PBXFileReference; lastKnownFileType = image.png; path = bigmissionb.png; sourceTree = "<group>"; };
		BD0F61491798770300953661 /* bigmissionc.png */ = {isa = PBXFileReference; lastKnownFileType = image.png; path = bigmissionc.png; sourceTree = "<group>"; };
		BD0F61581798976D00953661 /* bomb1A.png */ = {isa = PBXFileReference; lastKnownFileType = image.png; path = bomb1A.png; sourceTree = "<group>"; };
		BD0F61591798976D00953661 /* bomb1A@2x.png */ = {isa = PBXFileReference; lastKnownFileType = image.png; path = "bomb1A@2x.png"; sourceTree = "<group>"; };
		BD0F615A1798976D00953661 /* bomb1B.png */ = {isa = PBXFileReference; lastKnownFileType = image.png; path = bomb1B.png; sourceTree = "<group>"; };
		BD0F615B1798976D00953661 /* bomb1B@2x.png */ = {isa = PBXFileReference; lastKnownFileType = image.png; path = "bomb1B@2x.png"; sourceTree = "<group>"; };
		BD0F615C1798976D00953661 /* bomb1C.png */ = {isa = PBXFileReference; lastKnownFileType = image.png; path = bomb1C.png; sourceTree = "<group>"; };
		BD0F615D1798976D00953661 /* bomb1C@2x.png */ = {isa = PBXFileReference; lastKnownFileType = image.png; path = "bomb1C@2x.png"; sourceTree = "<group>"; };
		BD0F615E1798976D00953661 /* bomb2A.png */ = {isa = PBXFileReference; lastKnownFileType = image.png; path = bomb2A.png; sourceTree = "<group>"; };
		BD0F615F1798976D00953661 /* bomb2A@2x.png */ = {isa = PBXFileReference; lastKnownFileType = image.png; path = "bomb2A@2x.png"; sourceTree = "<group>"; };
		BD0F61601798976D00953661 /* bomb2B.png */ = {isa = PBXFileReference; lastKnownFileType = image.png; path = bomb2B.png; sourceTree = "<group>"; };
		BD0F61611798976D00953661 /* bomb2B@2x.png */ = {isa = PBXFileReference; lastKnownFileType = image.png; path = "bomb2B@2x.png"; sourceTree = "<group>"; };
		BD0F61621798976D00953661 /* bomb2C.png */ = {isa = PBXFileReference; lastKnownFileType = image.png; path = bomb2C.png; sourceTree = "<group>"; };
		BD0F61631798976D00953661 /* bomb2C@2x.png */ = {isa = PBXFileReference; lastKnownFileType = image.png; path = "bomb2C@2x.png"; sourceTree = "<group>"; };
		BD0F61641798976D00953661 /* bomb3A.png */ = {isa = PBXFileReference; lastKnownFileType = image.png; path = bomb3A.png; sourceTree = "<group>"; };
		BD0F61651798976D00953661 /* bomb3A@2x.png */ = {isa = PBXFileReference; lastKnownFileType = image.png; path = "bomb3A@2x.png"; sourceTree = "<group>"; };
		BD0F61661798976D00953661 /* bomb3B.png */ = {isa = PBXFileReference; lastKnownFileType = image.png; path = bomb3B.png; sourceTree = "<group>"; };
		BD0F61671798976D00953661 /* bomb3B@2x.png */ = {isa = PBXFileReference; lastKnownFileType = image.png; path = "bomb3B@2x.png"; sourceTree = "<group>"; };
		BD0F61681798976D00953661 /* bomb3C.png */ = {isa = PBXFileReference; lastKnownFileType = image.png; path = bomb3C.png; sourceTree = "<group>"; };
		BD0F61691798976D00953661 /* bomb3C@2x.png */ = {isa = PBXFileReference; lastKnownFileType = image.png; path = "bomb3C@2x.png"; sourceTree = "<group>"; };
		BD0F616A1798976D00953661 /* bombF.png */ = {isa = PBXFileReference; lastKnownFileType = image.png; path = bombF.png; sourceTree = "<group>"; };
		BD0F616B1798976D00953661 /* bombF@2x.png */ = {isa = PBXFileReference; lastKnownFileType = image.png; path = "bombF@2x.png"; sourceTree = "<group>"; };
		BD0F6180179898D400953661 /* AddBombVC.h */ = {isa = PBXFileReference; fileEncoding = 4; lastKnownFileType = sourcecode.c.h; path = AddBombVC.h; sourceTree = "<group>"; };
		BD0F6181179898D400953661 /* AddBombVC.m */ = {isa = PBXFileReference; fileEncoding = 4; lastKnownFileType = sourcecode.c.objc; path = AddBombVC.m; sourceTree = "<group>"; };
		BD0F61831799BA4100953661 /* RunningMissionVC.h */ = {isa = PBXFileReference; fileEncoding = 4; lastKnownFileType = sourcecode.c.h; path = RunningMissionVC.h; sourceTree = "<group>"; };
		BD0F61841799BA4100953661 /* RunningMissionVC.m */ = {isa = PBXFileReference; fileEncoding = 4; lastKnownFileType = sourcecode.c.objc; path = RunningMissionVC.m; sourceTree = "<group>"; };
		BD0F61861799BE1400953661 /* AllBombsMissionVC.h */ = {isa = PBXFileReference; fileEncoding = 4; lastKnownFileType = sourcecode.c.h; path = AllBombsMissionVC.h; sourceTree = "<group>"; };
		BD0F61871799BE1400953661 /* AllBombsMissionVC.m */ = {isa = PBXFileReference; fileEncoding = 4; lastKnownFileType = sourcecode.c.objc; path = AllBombsMissionVC.m; sourceTree = "<group>"; };
		BD0F61891799BE2D00953661 /* SingleBombMissionVC.h */ = {isa = PBXFileReference; fileEncoding = 4; lastKnownFileType = sourcecode.c.h; path = SingleBombMissionVC.h; sourceTree = "<group>"; };
		BD0F618A1799BE2D00953661 /* SingleBombMissionVC.m */ = {isa = PBXFileReference; fileEncoding = 4; lastKnownFileType = sourcecode.c.objc; path = SingleBombMissionVC.m; sourceTree = "<group>"; };
		BD0F618C1799D7E700953661 /* home.png */ = {isa = PBXFileReference; lastKnownFileType = image.png; path = home.png; sourceTree = "<group>"; };
		BD0F618D1799D7E700953661 /* home@2x.png */ = {isa = PBXFileReference; lastKnownFileType = image.png; path = "home@2x.png"; sourceTree = "<group>"; };
		BD0F618E1799D7E700953661 /* pause.png */ = {isa = PBXFileReference; lastKnownFileType = image.png; path = pause.png; sourceTree = "<group>"; };
		BD0F618F1799D7E700953661 /* pause@2x.png */ = {isa = PBXFileReference; lastKnownFileType = image.png; path = "pause@2x.png"; sourceTree = "<group>"; };
		BD0F61901799D7E700953661 /* start.png */ = {isa = PBXFileReference; lastKnownFileType = image.png; path = start.png; sourceTree = "<group>"; };
		BD0F61911799D7E700953661 /* start@2x.png */ = {isa = PBXFileReference; lastKnownFileType = image.png; path = "start@2x.png"; sourceTree = "<group>"; };
		BD0F6198179A517D00953661 /* greencheck.png */ = {isa = PBXFileReference; lastKnownFileType = image.png; path = greencheck.png; sourceTree = "<group>"; };
		BD0F6199179A517D00953661 /* greencheck@2x.png */ = {isa = PBXFileReference; lastKnownFileType = image.png; path = "greencheck@2x.png"; sourceTree = "<group>"; };
		BD0F619A179A517D00953661 /* redex.png */ = {isa = PBXFileReference; lastKnownFileType = image.png; path = redex.png; sourceTree = "<group>"; };
		BD0F619B179A517D00953661 /* redex@2x.png */ = {isa = PBXFileReference; lastKnownFileType = image.png; path = "redex@2x.png"; sourceTree = "<group>"; };
		BD0F61A4179CABF900953661 /* Icon.png */ = {isa = PBXFileReference; lastKnownFileType = image.png; path = Icon.png; sourceTree = "<group>"; };
		BD0F61A6179CAC5F00953661 /* Icon@2x.png */ = {isa = PBXFileReference; lastKnownFileType = image.png; path = "Icon@2x.png"; sourceTree = "<group>"; };
		BD0F61A8179CD7F000953661 /* notselected.png */ = {isa = PBXFileReference; lastKnownFileType = image.png; path = notselected.png; sourceTree = "<group>"; };
		BD0F61A9179CD7F000953661 /* notselected@2x.png */ = {isa = PBXFileReference; lastKnownFileType = image.png; path = "notselected@2x.png"; sourceTree = "<group>"; };
		BD0F61AA179CD7F000953661 /* selected.png */ = {isa = PBXFileReference; lastKnownFileType = image.png; path = selected.png; sourceTree = "<group>"; };
		BD0F61AB179CD7F000953661 /* selected@2x.png */ = {isa = PBXFileReference; lastKnownFileType = image.png; path = "selected@2x.png"; sourceTree = "<group>"; };
		BD36328717A0800C00A2BB71 /* ScrollMissionVC.h */ = {isa = PBXFileReference; fileEncoding = 4; lastKnownFileType = sourcecode.c.h; path = ScrollMissionVC.h; sourceTree = "<group>"; };
		BD36328817A0800D00A2BB71 /* ScrollMissionVC.m */ = {isa = PBXFileReference; fileEncoding = 4; lastKnownFileType = sourcecode.c.objc; path = ScrollMissionVC.m; sourceTree = "<group>"; };
		BD5418C517D7CF1D00AF6239 /* IconIpad.png */ = {isa = PBXFileReference; lastKnownFileType = image.png; path = IconIpad.png; sourceTree = "<group>"; };
		BD5418C717D7CF7E00AF6239 /* IconIpad@2x.png */ = {isa = PBXFileReference; lastKnownFileType = image.png; path = "IconIpad@2x.png"; sourceTree = "<group>"; };
		BD5418C917D7D03800AF6239 /* Default-Portrait~ipad.png */ = {isa = PBXFileReference; lastKnownFileType = image.png; path = "Default-Portrait~ipad.png"; sourceTree = "<group>"; };
		BD5418CB17D7D23B00AF6239 /* Default-Portrait@2x~ipad.png */ = {isa = PBXFileReference; lastKnownFileType = image.png; path = "Default-Portrait@2x~ipad.png"; sourceTree = "<group>"; };
		BD55CA3617A426820044A84F /* BombSquad.entitlements */ = {isa = PBXFileReference; lastKnownFileType = text.xml; path = BombSquad.entitlements; sourceTree = "<group>"; };
		BD62FF1917A1B68A005EBEAA /* Default~ipad.png */ = {isa = PBXFileReference; lastKnownFileType = image.png; name = "Default~ipad.png"; path = "../Default~ipad.png"; sourceTree = "<group>"; };
		BD7E415D17972D7300FBB8D1 /* BombSquad.app */ = {isa = PBXFileReference; explicitFileType = wrapper.application; includeInIndex = 0; path = BombSquad.app; sourceTree = BUILT_PRODUCTS_DIR; };
		BD7E416017972D7300FBB8D1 /* UIKit.framework */ = {isa = PBXFileReference; lastKnownFileType = wrapper.framework; name = UIKit.framework; path = System/Library/Frameworks/UIKit.framework; sourceTree = SDKROOT; };
		BD7E416217972D7300FBB8D1 /* Foundation.framework */ = {isa = PBXFileReference; lastKnownFileType = wrapper.framework; name = Foundation.framework; path = System/Library/Frameworks/Foundation.framework; sourceTree = SDKROOT; };
		BD7E416417972D7300FBB8D1 /* CoreGraphics.framework */ = {isa = PBXFileReference; lastKnownFileType = wrapper.framework; name = CoreGraphics.framework; path = System/Library/Frameworks/CoreGraphics.framework; sourceTree = SDKROOT; };
		BD7E416817972D7300FBB8D1 /* BombSquad-Info.plist */ = {isa = PBXFileReference; lastKnownFileType = text.plist.xml; path = "BombSquad-Info.plist"; sourceTree = "<group>"; };
		BD7E416A17972D7300FBB8D1 /* en */ = {isa = PBXFileReference; lastKnownFileType = text.plist.strings; name = en; path = en.lproj/InfoPlist.strings; sourceTree = "<group>"; };
		BD7E416C17972D7300FBB8D1 /* main.m */ = {isa = PBXFileReference; lastKnownFileType = sourcecode.c.objc; path = main.m; sourceTree = "<group>"; };
		BD7E416E17972D7300FBB8D1 /* BombSquad-Prefix.pch */ = {isa = PBXFileReference; lastKnownFileType = sourcecode.c.h; path = "BombSquad-Prefix.pch"; sourceTree = "<group>"; };
		BD7E416F17972D7300FBB8D1 /* AppDelegate.h */ = {isa = PBXFileReference; lastKnownFileType = sourcecode.c.h; path = AppDelegate.h; sourceTree = "<group>"; };
		BD7E417017972D7300FBB8D1 /* AppDelegate.m */ = {isa = PBXFileReference; lastKnownFileType = sourcecode.c.objc; path = AppDelegate.m; sourceTree = "<group>"; };
		BD7E417217972D7300FBB8D1 /* Default.png */ = {isa = PBXFileReference; lastKnownFileType = image.png; path = Default.png; sourceTree = "<group>"; };
		BD7E417417972D7300FBB8D1 /* Default@2x.png */ = {isa = PBXFileReference; lastKnownFileType = image.png; path = "Default@2x.png"; sourceTree = "<group>"; };
		BD7E417617972D7300FBB8D1 /* Default-568h@2x.png */ = {isa = PBXFileReference; lastKnownFileType = image.png; path = "Default-568h@2x.png"; sourceTree = "<group>"; };
		BD7E417917972D7300FBB8D1 /* en */ = {isa = PBXFileReference; lastKnownFileType = file.storyboard; name = en; path = en.lproj/MainStoryboard_iPhone.storyboard; sourceTree = "<group>"; };
		BD7E417C17972D7300FBB8D1 /* en */ = {isa = PBXFileReference; lastKnownFileType = file.storyboard; name = en; path = en.lproj/MainStoryboard_iPad.storyboard; sourceTree = "<group>"; };
		BD7E418617972D7300FBB8D1 /* BombSquadTests.octest */ = {isa = PBXFileReference; explicitFileType = wrapper.cfbundle; includeInIndex = 0; path = BombSquadTests.octest; sourceTree = BUILT_PRODUCTS_DIR; };
		BD7E418717972D7300FBB8D1 /* SenTestingKit.framework */ = {isa = PBXFileReference; lastKnownFileType = wrapper.framework; name = SenTestingKit.framework; path = Library/Frameworks/SenTestingKit.framework; sourceTree = DEVELOPER_DIR; };
		BD7E418F17972D7300FBB8D1 /* BombSquadTests-Info.plist */ = {isa = PBXFileReference; lastKnownFileType = text.plist.xml; path = "BombSquadTests-Info.plist"; sourceTree = "<group>"; };
		BD7E419117972D7300FBB8D1 /* en */ = {isa = PBXFileReference; lastKnownFileType = text.plist.strings; name = en; path = en.lproj/InfoPlist.strings; sourceTree = "<group>"; };
		BD7E419317972D7300FBB8D1 /* BombSquadTests.h */ = {isa = PBXFileReference; lastKnownFileType = sourcecode.c.h; path = BombSquadTests.h; sourceTree = "<group>"; };
		BD7E419417972D7300FBB8D1 /* BombSquadTests.m */ = {isa = PBXFileReference; lastKnownFileType = sourcecode.c.objc; path = BombSquadTests.m; sourceTree = "<group>"; };
		BD7E419E1797308400FBB8D1 /* BSNavigationController.h */ = {isa = PBXFileReference; fileEncoding = 4; lastKnownFileType = sourcecode.c.h; path = BSNavigationController.h; sourceTree = "<group>"; };
		BD7E419F1797308400FBB8D1 /* BSNavigationController.m */ = {isa = PBXFileReference; fileEncoding = 4; lastKnownFileType = sourcecode.c.objc; path = BSNavigationController.m; sourceTree = "<group>"; };
		BD7E41A41797313800FBB8D1 /* MainVC.h */ = {isa = PBXFileReference; fileEncoding = 4; lastKnownFileType = sourcecode.c.h; path = MainVC.h; sourceTree = "<group>"; };
		BD7E41A51797313800FBB8D1 /* MainVC.m */ = {isa = PBXFileReference; fileEncoding = 4; lastKnownFileType = sourcecode.c.objc; path = MainVC.m; sourceTree = "<group>"; };
		BD7E41A71797319600FBB8D1 /* BombSquadLogo.png */ = {isa = PBXFileReference; lastKnownFileType = image.png; path = BombSquadLogo.png; sourceTree = "<group>"; };
		BD7E41A81797319600FBB8D1 /* BombSquadLogo@2x.png */ = {isa = PBXFileReference; lastKnownFileType = image.png; path = "BombSquadLogo@2x.png"; sourceTree = "<group>"; };
		BD7E41AB1797346000FBB8D1 /* BSTimer.h */ = {isa = PBXFileReference; fileEncoding = 4; lastKnownFileType = sourcecode.c.h; path = BSTimer.h; sourceTree = "<group>"; };
		BD7E41AC1797346000FBB8D1 /* BSTimer.m */ = {isa = PBXFileReference; fileEncoding = 4; lastKnownFileType = sourcecode.c.objc; path = BSTimer.m; sourceTree = "<group>"; };
		BD7E41AE179735EF00FBB8D1 /* Bomb.h */ = {isa = PBXFileReference; fileEncoding = 4; lastKnownFileType = sourcecode.c.h; path = Bomb.h; sourceTree = "<group>"; };
		BD7E41AF179735F000FBB8D1 /* Bomb.m */ = {isa = PBXFileReference; fileEncoding = 4; lastKnownFileType = sourcecode.c.objc; path = Bomb.m; sourceTree = "<group>"; };
		BD7E41B117973ABC00FBB8D1 /* BombList.h */ = {isa = PBXFileReference; fileEncoding = 4; lastKnownFileType = sourcecode.c.h; path = BombList.h; sourceTree = "<group>"; };
		BD7E41B217973ABC00FBB8D1 /* BombList.m */ = {isa = PBXFileReference; fileEncoding = 4; lastKnownFileType = sourcecode.c.objc; path = BombList.m; sourceTree = "<group>"; };
		BD7E41B41797906F00FBB8D1 /* amission.m4a */ = {isa = PBXFileReference; lastKnownFileType = file; path = amission.m4a; sourceTree = "<group>"; };
		BD7E41B51797906F00FBB8D1 /* bigbomb.m4a */ = {isa = PBXFileReference; lastKnownFileType = file; path = bigbomb.m4a; sourceTree = "<group>"; };
		BD7E41B61797906F00FBB8D1 /* heartbeat.m4a */ = {isa = PBXFileReference; lastKnownFileType = file; path = heartbeat.m4a; sourceTree = "<group>"; };
		BD7E41B71797906F00FBB8D1 /* hiddenagenda.m4a */ = {isa = PBXFileReference; lastKnownFileType = file; path = hiddenagenda.m4a; sourceTree = "<group>"; };
		BD7E41B81797906F00FBB8D1 /* hitman.m4a */ = {isa = PBXFileReference; lastKnownFileType = file; path = hitman.m4a; sourceTree = "<group>"; };
		BD7E41B91797906F00FBB8D1 /* impendingboom.m4a */ = {isa = PBXFileReference; lastKnownFileType = file; path = impendingboom.m4a; sourceTree = "<group>"; };
		BD7E41BA1797906F00FBB8D1 /* mechanical.m4a */ = {isa = PBXFileReference; lastKnownFileType = file; path = mechanical.m4a; sourceTree = "<group>"; };
		BD7E41BB1797906F00FBB8D1 /* smallbomb.m4a */ = {isa = PBXFileReference; lastKnownFileType = file; path = smallbomb.m4a; sourceTree = "<group>"; };
		BD7E41BC1797906F00FBB8D1 /* spygroove.m4a */ = {isa = PBXFileReference; lastKnownFileType = file; path = spygroove.m4a; sourceTree = "<group>"; };
		BD7E41BD1797906F00FBB8D1 /* tickingclock.m4a */ = {isa = PBXFileReference; lastKnownFileType = file; path = tickingclock.m4a; sourceTree = "<group>"; };
		BD7E41C8179790E100FBB8D1 /* AVFoundation.framework */ = {isa = PBXFileReference; lastKnownFileType = wrapper.framework; name = AVFoundation.framework; path = System/Library/Frameworks/AVFoundation.framework; sourceTree = SDKROOT; };
		BD7E41CA179796D200FBB8D1 /* MissionSetupVC.h */ = {isa = PBXFileReference; fileEncoding = 4; lastKnownFileType = sourcecode.c.h; path = MissionSetupVC.h; sourceTree = "<group>"; };
		BD7E41CB179796D300FBB8D1 /* MissionSetupVC.m */ = {isa = PBXFileReference; fileEncoding = 4; lastKnownFileType = sourcecode.c.objc; path = MissionSetupVC.m; sourceTree = "<group>"; };
		BD7E41CD1797970B00FBB8D1 /* CampaignSetupVC.h */ = {isa = PBXFileReference; fileEncoding = 4; lastKnownFileType = sourcecode.c.h; path = CampaignSetupVC.h; sourceTree = "<group>"; };
		BD7E41CE1797970B00FBB8D1 /* CampaignSetupVC.m */ = {isa = PBXFileReference; fileEncoding = 4; lastKnownFileType = sourcecode.c.objc; path = CampaignSetupVC.m; sourceTree = "<group>"; };
		BD7E41D01797977700FBB8D1 /* QuickSetupVC.h */ = {isa = PBXFileReference; fileEncoding = 4; lastKnownFileType = sourcecode.c.h; path = QuickSetupVC.h; sourceTree = "<group>"; };
		BD7E41D11797977700FBB8D1 /* QuickSetupVC.m */ = {isa = PBXFileReference; fileEncoding = 4; lastKnownFileType = sourcecode.c.objc; path = QuickSetupVC.m; sourceTree = "<group>"; };
		BD7E41D31797989A00FBB8D1 /* SettingsVC.h */ = {isa = PBXFileReference; fileEncoding = 4; lastKnownFileType = sourcecode.c.h; path = SettingsVC.h; sourceTree = "<group>"; };
		BD7E41D41797989A00FBB8D1 /* SettingsVC.m */ = {isa = PBXFileReference; fileEncoding = 4; lastKnownFileType = sourcecode.c.objc; path = SettingsVC.m; sourceTree = "<group>"; };
		BD7E41D61797994000FBB8D1 /* AboutVC.h */ = {isa = PBXFileReference; fileEncoding = 4; lastKnownFileType = sourcecode.c.h; path = AboutVC.h; sourceTree = "<group>"; };
		BD7E41D71797994100FBB8D1 /* AboutVC.m */ = {isa = PBXFileReference; fileEncoding = 4; lastKnownFileType = sourcecode.c.objc; path = AboutVC.m; sourceTree = "<group>"; };
		BDF8E55E18163AC300AD654B /* countdown.m4a */ = {isa = PBXFileReference; lastKnownFileType = file; path = countdown.m4a; sourceTree = "<group>"; };
		BDFAE8DE183FDEA000F0C2B8 /* HelpVC.h */ = {isa = PBXFileReference; fileEncoding = 4; lastKnownFileType = sourcecode.c.h; path = HelpVC.h; sourceTree = "<group>"; };
		BDFAE8DF183FDEA100F0C2B8 /* HelpVC.m */ = {isa = PBXFileReference; fileEncoding = 4; lastKnownFileType = sourcecode.c.objc; path = HelpVC.m; sourceTree = "<group>"; };
		BDFAE8E11846879700F0C2B8 /* help1.png */ = {isa = PBXFileReference; lastKnownFileType = image.png; path = help1.png; sourceTree = "<group>"; };
		BDFAE8E21846879700F0C2B8 /* help2.png */ = {isa = PBXFileReference; lastKnownFileType = image.png; path = help2.png; sourceTree = "<group>"; };
		BDFAE8E31846879700F0C2B8 /* help3.png */ = {isa = PBXFileReference; lastKnownFileType = image.png; path = help3.png; sourceTree = "<group>"; };
		BDFAE8E41846879700F0C2B8 /* help4.png */ = {isa = PBXFileReference; lastKnownFileType = image.png; path = help4.png; sourceTree = "<group>"; };
		BDFAE8E51846879700F0C2B8 /* help5.png */ = {isa = PBXFileReference; lastKnownFileType = image.png; path = help5.png; sourceTree = "<group>"; };
		BDFAE8E61846879700F0C2B8 /* help6.png */ = {isa = PBXFileReference; lastKnownFileType = image.png; path = help6.png; sourceTree = "<group>"; };
		BDFAE8E71846879700F0C2B8 /* help7.png */ = {isa = PBXFileReference; lastKnownFileType = image.png; path = help7.png; sourceTree = "<group>"; };
		BDFAE8E81846879700F0C2B8 /* help8.png */ = {isa = PBXFileReference; lastKnownFileType = image.png; path = help8.png; sourceTree = "<group>"; };
		BDFAE8E91846879700F0C2B8 /* help9.png */ = {isa = PBXFileReference; lastKnownFileType = image.png; path = help9.png; sourceTree = "<group>"; };
		BDFAE8EA1846879700F0C2B8 /* help10.png */ = {isa = PBXFileReference; lastKnownFileType = image.png; path = help10.png; sourceTree = "<group>"; };
		BDFAE8EB1846879700F0C2B8 /* help11.png */ = {isa = PBXFileReference; lastKnownFileType = image.png; path = help11.png; sourceTree = "<group>"; };
		BDFAE8EC1846879700F0C2B8 /* help12.png */ = {isa = PBXFileReference; lastKnownFileType = image.png; path = help12.png; sourceTree = "<group>"; };
		BDFAE8ED1846879700F0C2B8 /* help13.png */ = {isa = PBXFileReference; lastKnownFileType = image.png; path = help13.png; sourceTree = "<group>"; };
		BDFAE8EE1846879700F0C2B8 /* help14.png */ = {isa = PBXFileReference; lastKnownFileType = image.png; path = help14.png; sourceTree = "<group>"; };
		BDFAE8FD1846947300F0C2B8 /* left.png */ = {isa = PBXFileReference; lastKnownFileType = image.png; path = left.png; sourceTree = "<group>"; };
		BDFAE8FE1846947400F0C2B8 /* right.png */ = {isa = PBXFileReference; lastKnownFileType = image.png; path = right.png; sourceTree = "<group>"; };
/* End PBXFileReference section */

/* Begin PBXFrameworksBuildPhase section */
		BD7E415A17972D7300FBB8D1 /* Frameworks */ = {
			isa = PBXFrameworksBuildPhase;
			buildActionMask = 2147483647;
			files = (
				BD7E41C9179790E100FBB8D1 /* AVFoundation.framework in Frameworks */,
				BD7E416117972D7300FBB8D1 /* UIKit.framework in Frameworks */,
				BD7E416317972D7300FBB8D1 /* Foundation.framework in Frameworks */,
				BD7E416517972D7300FBB8D1 /* CoreGraphics.framework in Frameworks */,
			);
			runOnlyForDeploymentPostprocessing = 0;
		};
		BD7E418217972D7300FBB8D1 /* Frameworks */ = {
			isa = PBXFrameworksBuildPhase;
			buildActionMask = 2147483647;
			files = (
				BD7E418817972D7300FBB8D1 /* SenTestingKit.framework in Frameworks */,
				BD7E418917972D7300FBB8D1 /* UIKit.framework in Frameworks */,
				BD7E418A17972D7300FBB8D1 /* Foundation.framework in Frameworks */,
			);
			runOnlyForDeploymentPostprocessing = 0;
		};
/* End PBXFrameworksBuildPhase section */

/* Begin PBXGroup section */
		BD7E415417972D7300FBB8D1 = {
			isa = PBXGroup;
			children = (
				BD5418CB17D7D23B00AF6239 /* Default-Portrait@2x~ipad.png */,
				BD5418C917D7D03800AF6239 /* Default-Portrait~ipad.png */,
				BD5418C717D7CF7E00AF6239 /* IconIpad@2x.png */,
				BD5418C517D7CF1D00AF6239 /* IconIpad.png */,
				BD0F61A6179CAC5F00953661 /* Icon@2x.png */,
				BD0F61A4179CABF900953661 /* Icon.png */,
				BD7E416617972D7300FBB8D1 /* BombSquad */,
				BD7E418D17972D7300FBB8D1 /* BombSquadTests */,
				BD7E415F17972D7300FBB8D1 /* Frameworks */,
				BD7E415E17972D7300FBB8D1 /* Products */,
			);
			sourceTree = "<group>";
		};
		BD7E415E17972D7300FBB8D1 /* Products */ = {
			isa = PBXGroup;
			children = (
				BD7E415D17972D7300FBB8D1 /* BombSquad.app */,
				BD7E418617972D7300FBB8D1 /* BombSquadTests.octest */,
			);
			name = Products;
			sourceTree = "<group>";
		};
		BD7E415F17972D7300FBB8D1 /* Frameworks */ = {
			isa = PBXGroup;
			children = (
				BD7E41C8179790E100FBB8D1 /* AVFoundation.framework */,
				BD7E416017972D7300FBB8D1 /* UIKit.framework */,
				BD7E416217972D7300FBB8D1 /* Foundation.framework */,
				BD7E416417972D7300FBB8D1 /* CoreGraphics.framework */,
				BD7E418717972D7300FBB8D1 /* SenTestingKit.framework */,
			);
			name = Frameworks;
			sourceTree = "<group>";
		};
		BD7E416617972D7300FBB8D1 /* BombSquad */ = {
			isa = PBXGroup;
			children = (
				BD7E41D61797994000FBB8D1 /* AboutVC.h */,
				BD7E41D71797994100FBB8D1 /* AboutVC.m */,
				BD0F6180179898D400953661 /* AddBombVC.h */,
				BD0F6181179898D400953661 /* AddBombVC.m */,
				BD0F61861799BE1400953661 /* AllBombsMissionVC.h */,
				BD0F61871799BE1400953661 /* AllBombsMissionVC.m */,
				BD7E416F17972D7300FBB8D1 /* AppDelegate.h */,
				BD7E417017972D7300FBB8D1 /* AppDelegate.m */,
				BD7E41AE179735EF00FBB8D1 /* Bomb.h */,
				BD7E41AF179735F000FBB8D1 /* Bomb.m */,
				BD7E41B117973ABC00FBB8D1 /* BombList.h */,
				BD7E41B217973ABC00FBB8D1 /* BombList.m */,
				BD55CA3617A426820044A84F /* BombSquad.entitlements */,
				BD7E419E1797308400FBB8D1 /* BSNavigationController.h */,
				BD7E419F1797308400FBB8D1 /* BSNavigationController.m */,
				BD7E41AB1797346000FBB8D1 /* BSTimer.h */,
				BD7E41AC1797346000FBB8D1 /* BSTimer.m */,
				BD0F6112179870E600953661 /* Campaign.h */,
				BD0F6113179870E600953661 /* Campaign.m */,
				BD7E41CD1797970B00FBB8D1 /* CampaignSetupVC.h */,
				BD7E41CE1797970B00FBB8D1 /* CampaignSetupVC.m */,
				BDFAE8DE183FDEA000F0C2B8 /* HelpVC.h */,
				BDFAE8DF183FDEA100F0C2B8 /* HelpVC.m */,
				BD7E417B17972D7300FBB8D1 /* MainStoryboard_iPad.storyboard */,
				BD7E417817972D7300FBB8D1 /* MainStoryboard_iPhone.storyboard */,
				BD7E41A41797313800FBB8D1 /* MainVC.h */,
				BD7E41A51797313800FBB8D1 /* MainVC.m */,
				BD7E41CA179796D200FBB8D1 /* MissionSetupVC.h */,
				BD7E41CB179796D300FBB8D1 /* MissionSetupVC.m */,
				BD7E41D01797977700FBB8D1 /* QuickSetupVC.h */,
				BD7E41D11797977700FBB8D1 /* QuickSetupVC.m */,
				BD0F61831799BA4100953661 /* RunningMissionVC.h */,
				BD0F61841799BA4100953661 /* RunningMissionVC.m */,
				BD36328717A0800C00A2BB71 /* ScrollMissionVC.h */,
				BD36328817A0800D00A2BB71 /* ScrollMissionVC.m */,
				BD7E41D31797989A00FBB8D1 /* SettingsVC.h */,
				BD7E41D41797989A00FBB8D1 /* SettingsVC.m */,
				BD0F61891799BE2D00953661 /* SingleBombMissionVC.h */,
				BD0F618A1799BE2D00953661 /* SingleBombMissionVC.m */,
				BD7E416717972D7300FBB8D1 /* Supporting Files */,
			);
			path = BombSquad;
			sourceTree = "<group>";
		};
		BD7E416717972D7300FBB8D1 /* Supporting Files */ = {
			isa = PBXGroup;
			children = (
				BDFAE8FD1846947300F0C2B8 /* left.png */,
				BDFAE8FE1846947400F0C2B8 /* right.png */,
				BD7E416C17972D7300FBB8D1 /* main.m */,
				BD7E41B41797906F00FBB8D1 /* amission.m4a */,
				BD7E41B51797906F00FBB8D1 /* bigbomb.m4a */,
				BDF8E55E18163AC300AD654B /* countdown.m4a */,
				BD7E41B61797906F00FBB8D1 /* heartbeat.m4a */,
				BD7E41B71797906F00FBB8D1 /* hiddenagenda.m4a */,
				BD7E41B81797906F00FBB8D1 /* hitman.m4a */,
				BD7E41B91797906F00FBB8D1 /* impendingboom.m4a */,
				BD7E41BA1797906F00FBB8D1 /* mechanical.m4a */,
				BD7E41BB1797906F00FBB8D1 /* smallbomb.m4a */,
				BD7E41BC1797906F00FBB8D1 /* spygroove.m4a */,
				BD7E41BD1797906F00FBB8D1 /* tickingclock.m4a */,
				BD7E416E17972D7300FBB8D1 /* BombSquad-Prefix.pch */,
				BD7E416817972D7300FBB8D1 /* BombSquad-Info.plist */,
				BD0F61451798770300953661 /* bigmission1.png */,
				BD0F61461798770300953661 /* bigmission2.png */,
				BD0F61471798770300953661 /* bigmissiona.png */,
				BD0F61481798770300953661 /* bigmissionb.png */,
				BD0F61491798770300953661 /* bigmissionc.png */,
				BD0F61581798976D00953661 /* bomb1A.png */,
				BD0F61591798976D00953661 /* bomb1A@2x.png */,
				BD0F615A1798976D00953661 /* bomb1B.png */,
				BD0F615B1798976D00953661 /* bomb1B@2x.png */,
				BD0F615C1798976D00953661 /* bomb1C.png */,
				BD0F615D1798976D00953661 /* bomb1C@2x.png */,
				BD0F615E1798976D00953661 /* bomb2A.png */,
				BD0F615F1798976D00953661 /* bomb2A@2x.png */,
				BD0F61601798976D00953661 /* bomb2B.png */,
				BD0F61611798976D00953661 /* bomb2B@2x.png */,
				BD0F61621798976D00953661 /* bomb2C.png */,
				BD0F61631798976D00953661 /* bomb2C@2x.png */,
				BD0F61641798976D00953661 /* bomb3A.png */,
				BD0F61651798976D00953661 /* bomb3A@2x.png */,
				BD0F61661798976D00953661 /* bomb3B.png */,
				BD0F61671798976D00953661 /* bomb3B@2x.png */,
				BD0F61681798976D00953661 /* bomb3C.png */,
				BD0F61691798976D00953661 /* bomb3C@2x.png */,
				BD0F616A1798976D00953661 /* bombF.png */,
				BD0F616B1798976D00953661 /* bombF@2x.png */,
				BD7E41A71797319600FBB8D1 /* BombSquadLogo.png */,
				BD7E41A81797319600FBB8D1 /* BombSquadLogo@2x.png */,
				BD7E417617972D7300FBB8D1 /* Default-568h@2x.png */,
				BD7E417217972D7300FBB8D1 /* Default.png */,
				BD7E417417972D7300FBB8D1 /* Default@2x.png */,
				BD62FF1917A1B68A005EBEAA /* Default~ipad.png */,
				BD0F6198179A517D00953661 /* greencheck.png */,
				BD0F6199179A517D00953661 /* greencheck@2x.png */,
				BDFAE8E11846879700F0C2B8 /* help1.png */,
				BDFAE8EA1846879700F0C2B8 /* help10.png */,
				BDFAE8EB1846879700F0C2B8 /* help11.png */,
				BDFAE8EC1846879700F0C2B8 /* help12.png */,
				BDFAE8ED1846879700F0C2B8 /* help13.png */,
				BDFAE8EE1846879700F0C2B8 /* help14.png */,
				BDFAE8E21846879700F0C2B8 /* help2.png */,
				BDFAE8E31846879700F0C2B8 /* help3.png */,
				BDFAE8E41846879700F0C2B8 /* help4.png */,
				BDFAE8E51846879700F0C2B8 /* help5.png */,
				BDFAE8E61846879700F0C2B8 /* help6.png */,
				BDFAE8E71846879700F0C2B8 /* help7.png */,
				BDFAE8E81846879700F0C2B8 /* help8.png */,
				BDFAE8E91846879700F0C2B8 /* help9.png */,
				BD0F618C1799D7E700953661 /* home.png */,
				BD0F618D1799D7E700953661 /* home@2x.png */,
				BD0F6125179876CA00953661 /* mission1.png */,
				BD0F6126179876CA00953661 /* mission1@2x.png */,
				BD0F6127179876CA00953661 /* mission2.png */,
				BD0F6128179876CA00953661 /* mission2@2x.png */,
				BD0F6129179876CA00953661 /* missiona.png */,
				BD0F612A179876CA00953661 /* missiona@2x.png */,
				BD0F612B179876CA00953661 /* missionb.png */,
				BD0F612C179876CA00953661 /* missionb@2x.png */,
				BD0F612D179876CA00953661 /* missionc.png */,
				BD0F612E179876CA00953661 /* missionc@2x.png */,
				BD0F61A8179CD7F000953661 /* notselected.png */,
				BD0F61A9179CD7F000953661 /* notselected@2x.png */,
				BD0F618E1799D7E700953661 /* pause.png */,
				BD0F618F1799D7E700953661 /* pause@2x.png */,
				BD0F619A179A517D00953661 /* redex.png */,
				BD0F619B179A517D00953661 /* redex@2x.png */,
				BD0F61AA179CD7F000953661 /* selected.png */,
				BD0F61AB179CD7F000953661 /* selected@2x.png */,
				BD0F61901799D7E700953661 /* start.png */,
				BD0F61911799D7E700953661 /* start@2x.png */,
				BD7E416917972D7300FBB8D1 /* InfoPlist.strings */,
			);
			name = "Supporting Files";
			sourceTree = "<group>";
		};
		BD7E418D17972D7300FBB8D1 /* BombSquadTests */ = {
			isa = PBXGroup;
			children = (
				BD7E419317972D7300FBB8D1 /* BombSquadTests.h */,
				BD7E419417972D7300FBB8D1 /* BombSquadTests.m */,
				BD7E418E17972D7300FBB8D1 /* Supporting Files */,
			);
			path = BombSquadTests;
			sourceTree = "<group>";
		};
		BD7E418E17972D7300FBB8D1 /* Supporting Files */ = {
			isa = PBXGroup;
			children = (
				BD7E418F17972D7300FBB8D1 /* BombSquadTests-Info.plist */,
				BD7E419017972D7300FBB8D1 /* InfoPlist.strings */,
			);
			name = "Supporting Files";
			sourceTree = "<group>";
		};
/* End PBXGroup section */

/* Begin PBXNativeTarget section */
		BD7E415C17972D7300FBB8D1 /* BombSquad */ = {
			isa = PBXNativeTarget;
			buildConfigurationList = BD7E419817972D7300FBB8D1 /* Build configuration list for PBXNativeTarget "BombSquad" */;
			buildPhases = (
				BD7E415917972D7300FBB8D1 /* Sources */,
				BD7E415A17972D7300FBB8D1 /* Frameworks */,
				BD7E415B17972D7300FBB8D1 /* Resources */,
			);
			buildRules = (
			);
			dependencies = (
			);
			name = BombSquad;
			productName = BombSquad;
			productReference = BD7E415D17972D7300FBB8D1 /* BombSquad.app */;
			productType = "com.apple.product-type.application";
		};
		BD7E418517972D7300FBB8D1 /* BombSquadTests */ = {
			isa = PBXNativeTarget;
			buildConfigurationList = BD7E419B17972D7300FBB8D1 /* Build configuration list for PBXNativeTarget "BombSquadTests" */;
			buildPhases = (
				BD7E418117972D7300FBB8D1 /* Sources */,
				BD7E418217972D7300FBB8D1 /* Frameworks */,
				BD7E418317972D7300FBB8D1 /* Resources */,
				BD7E418417972D7300FBB8D1 /* ShellScript */,
			);
			buildRules = (
			);
			dependencies = (
				BD7E418C17972D7300FBB8D1 /* PBXTargetDependency */,
			);
			name = BombSquadTests;
			productName = BombSquadTests;
			productReference = BD7E418617972D7300FBB8D1 /* BombSquadTests.octest */;
			productType = "com.apple.product-type.bundle";
		};
/* End PBXNativeTarget section */

/* Begin PBXProject section */
		BD7E415517972D7300FBB8D1 /* Project object */ = {
			isa = PBXProject;
			attributes = {
				LastUpgradeCheck = 0460;
				ORGANIZATIONNAME = Keltner;
			};
			buildConfigurationList = BD7E415817972D7300FBB8D1 /* Build configuration list for PBXProject "BombSquad" */;
			compatibilityVersion = "Xcode 3.2";
			developmentRegion = English;
			hasScannedForEncodings = 0;
			knownRegions = (
				en,
			);
			mainGroup = BD7E415417972D7300FBB8D1;
			productRefGroup = BD7E415E17972D7300FBB8D1 /* Products */;
			projectDirPath = "";
			projectRoot = "";
			targets = (
				BD7E415C17972D7300FBB8D1 /* BombSquad */,
				BD7E418517972D7300FBB8D1 /* BombSquadTests */,
			);
		};
/* End PBXProject section */

/* Begin PBXResourcesBuildPhase section */
		BD7E415B17972D7300FBB8D1 /* Resources */ = {
			isa = PBXResourcesBuildPhase;
			buildActionMask = 2147483647;
			files = (
				BD7E416B17972D7300FBB8D1 /* InfoPlist.strings in Resources */,
				BD7E417717972D7300FBB8D1 /* Default-568h@2x.png in Resources */,
				BD7E417A17972D7300FBB8D1 /* MainStoryboard_iPhone.storyboard in Resources */,
				BD7E417D17972D7300FBB8D1 /* MainStoryboard_iPad.storyboard in Resources */,
				BD7E41A91797319600FBB8D1 /* BombSquadLogo.png in Resources */,
				BD7E41AA1797319600FBB8D1 /* BombSquadLogo@2x.png in Resources */,
				BD7E41BE1797906F00FBB8D1 /* amission.m4a in Resources */,
				BD7E41BF1797906F00FBB8D1 /* bigbomb.m4a in Resources */,
				BDFAE9001846947400F0C2B8 /* right.png in Resources */,
				BD7E41C01797906F00FBB8D1 /* heartbeat.m4a in Resources */,
				BD7E41C11797906F00FBB8D1 /* hiddenagenda.m4a in Resources */,
				BD7E41C21797906F00FBB8D1 /* hitman.m4a in Resources */,
				BDFAE8F81846879700F0C2B8 /* help10.png in Resources */,
				BDFAE8F21846879700F0C2B8 /* help4.png in Resources */,
				BD7E41C31797906F00FBB8D1 /* impendingboom.m4a in Resources */,
				BD7E41C41797906F00FBB8D1 /* mechanical.m4a in Resources */,
				BD7E41C51797906F00FBB8D1 /* smallbomb.m4a in Resources */,
				BD7E41C61797906F00FBB8D1 /* spygroove.m4a in Resources */,
				BD7E41C71797906F00FBB8D1 /* tickingclock.m4a in Resources */,
				BDFAE8F11846879700F0C2B8 /* help3.png in Resources */,
				BD0F6135179876CA00953661 /* mission1.png in Resources */,
				BD0F6136179876CA00953661 /* mission1@2x.png in Resources */,
				BD0F6137179876CA00953661 /* mission2.png in Resources */,
				BDFAE8FF1846947400F0C2B8 /* left.png in Resources */,
				BD0F6138179876CA00953661 /* mission2@2x.png in Resources */,
				BD0F6139179876CA00953661 /* missiona.png in Resources */,
				BD0F613A179876CA00953661 /* missiona@2x.png in Resources */,
				BD0F613B179876CA00953661 /* missionb.png in Resources */,
				BD0F613C179876CA00953661 /* missionb@2x.png in Resources */,
				BD0F613D179876CA00953661 /* missionc.png in Resources */,
				BD0F613E179876CA00953661 /* missionc@2x.png in Resources */,
				BDFAE8F61846879700F0C2B8 /* help8.png in Resources */,
				BDFAE8EF1846879700F0C2B8 /* help1.png in Resources */,
				BD0F614D1798770300953661 /* bigmission1.png in Resources */,
				BD0F614E1798770300953661 /* bigmission2.png in Resources */,
				BD0F614F1798770300953661 /* bigmissiona.png in Resources */,
				BD0F61501798770300953661 /* bigmissionb.png in Resources */,
				BD0F61511798770300953661 /* bigmissionc.png in Resources */,
				BD0F616C1798976D00953661 /* bomb1A.png in Resources */,
				BD0F616D1798976D00953661 /* bomb1A@2x.png in Resources */,
				BDFAE8F01846879700F0C2B8 /* help2.png in Resources */,
				BDFAE8FC1846879700F0C2B8 /* help14.png in Resources */,
				BD0F616E1798976D00953661 /* bomb1B.png in Resources */,
				BD0F616F1798976D00953661 /* bomb1B@2x.png in Resources */,
				BD0F61701798976D00953661 /* bomb1C.png in Resources */,
				BDFAE8FA1846879700F0C2B8 /* help12.png in Resources */,
				BD0F61711798976D00953661 /* bomb1C@2x.png in Resources */,
				BD0F61721798976D00953661 /* bomb2A.png in Resources */,
				BD0F61731798976D00953661 /* bomb2A@2x.png in Resources */,
				BD0F61741798976D00953661 /* bomb2B.png in Resources */,
				BDFAE8F51846879700F0C2B8 /* help7.png in Resources */,
				BD0F61751798976D00953661 /* bomb2B@2x.png in Resources */,
				BDFAE8F91846879700F0C2B8 /* help11.png in Resources */,
				BD0F61761798976D00953661 /* bomb2C.png in Resources */,
				BDFAE8F31846879700F0C2B8 /* help5.png in Resources */,
				BD0F61771798976D00953661 /* bomb2C@2x.png in Resources */,
				BD0F61781798976D00953661 /* bomb3A.png in Resources */,
				BD0F61791798976D00953661 /* bomb3A@2x.png in Resources */,
				BD0F617A1798976D00953661 /* bomb3B.png in Resources */,
				BDF8E55F18163AC300AD654B /* countdown.m4a in Resources */,
				BD0F617B1798976D00953661 /* bomb3B@2x.png in Resources */,
				BDFAE8FB1846879700F0C2B8 /* help13.png in Resources */,
				BD0F617C1798976D00953661 /* bomb3C.png in Resources */,
				BD0F617D1798976D00953661 /* bomb3C@2x.png in Resources */,
				BD0F617E1798976D00953661 /* bombF.png in Resources */,
				BDFAE8F71846879700F0C2B8 /* help9.png in Resources */,
				BD0F617F1798976D00953661 /* bombF@2x.png in Resources */,
				BD0F61921799D7E700953661 /* home.png in Resources */,
				BD0F61931799D7E700953661 /* home@2x.png in Resources */,
				BD0F61941799D7E700953661 /* pause.png in Resources */,
				BD0F61951799D7E700953661 /* pause@2x.png in Resources */,
				BD0F61961799D7E700953661 /* start.png in Resources */,
				BD0F61971799D7E700953661 /* start@2x.png in Resources */,
				BD0F619C179A517E00953661 /* greencheck.png in Resources */,
				BD0F619D179A517E00953661 /* greencheck@2x.png in Resources */,
				BD0F619E179A517E00953661 /* redex.png in Resources */,
				BD0F619F179A517E00953661 /* redex@2x.png in Resources */,
				BD0F61A5179CABF900953661 /* Icon.png in Resources */,
				BD0F61A7179CAC5F00953661 /* Icon@2x.png in Resources */,
				BD0F61AC179CD7F000953661 /* notselected.png in Resources */,
				BD0F61AD179CD7F000953661 /* notselected@2x.png in Resources */,
				BD0F61AE179CD7F000953661 /* selected.png in Resources */,
				BD0F61AF179CD7F000953661 /* selected@2x.png in Resources */,
				BD62FF1A17A1B68A005EBEAA /* Default~ipad.png in Resources */,
				BD5418C617D7CF1D00AF6239 /* IconIpad.png in Resources */,
				BDFAE8F41846879700F0C2B8 /* help6.png in Resources */,
				BD5418C817D7CF7E00AF6239 /* IconIpad@2x.png in Resources */,
				BD5418CA17D7D03900AF6239 /* Default-Portrait~ipad.png in Resources */,
				BD5418CC17D7D23B00AF6239 /* Default-Portrait@2x~ipad.png in Resources */,
			);
			runOnlyForDeploymentPostprocessing = 0;
		};
		BD7E418317972D7300FBB8D1 /* Resources */ = {
			isa = PBXResourcesBuildPhase;
			buildActionMask = 2147483647;
			files = (
				BD7E419217972D7300FBB8D1 /* InfoPlist.strings in Resources */,
			);
			runOnlyForDeploymentPostprocessing = 0;
		};
/* End PBXResourcesBuildPhase section */

/* Begin PBXShellScriptBuildPhase section */
		BD7E418417972D7300FBB8D1 /* ShellScript */ = {
			isa = PBXShellScriptBuildPhase;
			buildActionMask = 2147483647;
			files = (
			);
			inputPaths = (
			);
			outputPaths = (
			);
			runOnlyForDeploymentPostprocessing = 0;
			shellPath = /bin/sh;
			shellScript = "# Run the unit tests in this test bundle.\n\"${SYSTEM_DEVELOPER_DIR}/Tools/RunUnitTests\"\n";
		};
/* End PBXShellScriptBuildPhase section */

/* Begin PBXSourcesBuildPhase section */
		BD7E415917972D7300FBB8D1 /* Sources */ = {
			isa = PBXSourcesBuildPhase;
			buildActionMask = 2147483647;
			files = (
				BD7E416D17972D7300FBB8D1 /* main.m in Sources */,
				BDFAE8E0183FDEA100F0C2B8 /* HelpVC.m in Sources */,
				BD7E417117972D7300FBB8D1 /* AppDelegate.m in Sources */,
				BD7E41A01797308400FBB8D1 /* BSNavigationController.m in Sources */,
				BD7E41A61797313800FBB8D1 /* MainVC.m in Sources */,
				BD7E41AD1797346000FBB8D1 /* BSTimer.m in Sources */,
				BD7E41B0179735F000FBB8D1 /* Bomb.m in Sources */,
				BD7E41B317973ABC00FBB8D1 /* BombList.m in Sources */,
				BD7E41CC179796D300FBB8D1 /* MissionSetupVC.m in Sources */,
				BD7E41CF1797970B00FBB8D1 /* CampaignSetupVC.m in Sources */,
				BD7E41D21797977700FBB8D1 /* QuickSetupVC.m in Sources */,
				BD7E41D51797989A00FBB8D1 /* SettingsVC.m in Sources */,
				BD7E41D81797994100FBB8D1 /* AboutVC.m in Sources */,
				BD0F6114179870E600953661 /* Campaign.m in Sources */,
				BD0F6182179898D400953661 /* AddBombVC.m in Sources */,
				BD0F61851799BA4100953661 /* RunningMissionVC.m in Sources */,
				BD0F61881799BE1500953661 /* AllBombsMissionVC.m in Sources */,
				BD0F618B1799BE2D00953661 /* SingleBombMissionVC.m in Sources */,
				BD36328917A0800E00A2BB71 /* ScrollMissionVC.m in Sources */,
			);
			runOnlyForDeploymentPostprocessing = 0;
		};
		BD7E418117972D7300FBB8D1 /* Sources */ = {
			isa = PBXSourcesBuildPhase;
			buildActionMask = 2147483647;
			files = (
				BD7E419517972D7300FBB8D1 /* BombSquadTests.m in Sources */,
			);
			runOnlyForDeploymentPostprocessing = 0;
		};
/* End PBXSourcesBuildPhase section */

/* Begin PBXTargetDependency section */
		BD7E418C17972D7300FBB8D1 /* PBXTargetDependency */ = {
			isa = PBXTargetDependency;
			target = BD7E415C17972D7300FBB8D1 /* BombSquad */;
			targetProxy = BD7E418B17972D7300FBB8D1 /* PBXContainerItemProxy */;
		};
/* End PBXTargetDependency section */

/* Begin PBXVariantGroup section */
		BD7E416917972D7300FBB8D1 /* InfoPlist.strings */ = {
			isa = PBXVariantGroup;
			children = (
				BD7E416A17972D7300FBB8D1 /* en */,
			);
			name = InfoPlist.strings;
			sourceTree = "<group>";
		};
		BD7E417817972D7300FBB8D1 /* MainStoryboard_iPhone.storyboard */ = {
			isa = PBXVariantGroup;
			children = (
				BD7E417917972D7300FBB8D1 /* en */,
			);
			name = MainStoryboard_iPhone.storyboard;
			sourceTree = "<group>";
		};
		BD7E417B17972D7300FBB8D1 /* MainStoryboard_iPad.storyboard */ = {
			isa = PBXVariantGroup;
			children = (
				BD7E417C17972D7300FBB8D1 /* en */,
			);
			name = MainStoryboard_iPad.storyboard;
			sourceTree = "<group>";
		};
		BD7E419017972D7300FBB8D1 /* InfoPlist.strings */ = {
			isa = PBXVariantGroup;
			children = (
				BD7E419117972D7300FBB8D1 /* en */,
			);
			name = InfoPlist.strings;
			sourceTree = "<group>";
		};
/* End PBXVariantGroup section */

/* Begin XCBuildConfiguration section */
		BD7E419617972D7300FBB8D1 /* Debug */ = {
			isa = XCBuildConfiguration;
			buildSettings = {
				ALWAYS_SEARCH_USER_PATHS = NO;
				CLANG_CXX_LANGUAGE_STANDARD = "gnu++0x";
				CLANG_CXX_LIBRARY = "libc++";
				CLANG_ENABLE_OBJC_ARC = YES;
				CLANG_WARN_CONSTANT_CONVERSION = YES;
				CLANG_WARN_EMPTY_BODY = YES;
				CLANG_WARN_ENUM_CONVERSION = YES;
				CLANG_WARN_INT_CONVERSION = YES;
				CLANG_WARN__DUPLICATE_METHOD_MATCH = YES;
				"CODE_SIGN_IDENTITY[sdk=iphoneos*]" = "iPhone Developer";
				COPY_PHASE_STRIP = NO;
				GCC_C_LANGUAGE_STANDARD = gnu99;
				GCC_DYNAMIC_NO_PIC = NO;
				GCC_OPTIMIZATION_LEVEL = 0;
				GCC_PREPROCESSOR_DEFINITIONS = (
					"DEBUG=1",
					"$(inherited)",
				);
				GCC_SYMBOLS_PRIVATE_EXTERN = NO;
				GCC_WARN_ABOUT_RETURN_TYPE = YES;
				GCC_WARN_UNINITIALIZED_AUTOS = YES;
				GCC_WARN_UNUSED_VARIABLE = YES;
				IPHONEOS_DEPLOYMENT_TARGET = 5.1;
				ONLY_ACTIVE_ARCH = YES;
				SDKROOT = iphoneos;
				TARGETED_DEVICE_FAMILY = "1,2";
			};
			name = Debug;
		};
		BD7E419717972D7300FBB8D1 /* Release */ = {
			isa = XCBuildConfiguration;
			buildSettings = {
				ALWAYS_SEARCH_USER_PATHS = NO;
				CLANG_CXX_LANGUAGE_STANDARD = "gnu++0x";
				CLANG_CXX_LIBRARY = "libc++";
				CLANG_ENABLE_OBJC_ARC = YES;
				CLANG_WARN_CONSTANT_CONVERSION = YES;
				CLANG_WARN_EMPTY_BODY = YES;
				CLANG_WARN_ENUM_CONVERSION = YES;
				CLANG_WARN_INT_CONVERSION = YES;
				CLANG_WARN__DUPLICATE_METHOD_MATCH = YES;
				"CODE_SIGN_IDENTITY[sdk=iphoneos*]" = "iPhone Developer";
				COPY_PHASE_STRIP = YES;
				GCC_C_LANGUAGE_STANDARD = gnu99;
				GCC_WARN_ABOUT_RETURN_TYPE = YES;
				GCC_WARN_UNINITIALIZED_AUTOS = YES;
				GCC_WARN_UNUSED_VARIABLE = YES;
				IPHONEOS_DEPLOYMENT_TARGET = 5.1;
				OTHER_CFLAGS = "-DNS_BLOCK_ASSERTIONS=1";
				SDKROOT = iphoneos;
				TARGETED_DEVICE_FAMILY = "1,2";
				VALIDATE_PRODUCT = YES;
			};
			name = Release;
		};
		BD7E419917972D7300FBB8D1 /* Debug */ = {
			isa = XCBuildConfiguration;
			buildSettings = {
				CODE_SIGN_ENTITLEMENTS = BombSquad/BombSquad.entitlements;
				CODE_SIGN_IDENTITY = "iPhone Distribution: Andy Foulke (7459TL4JZU)";
				GCC_PRECOMPILE_PREFIX_HEADER = YES;
				GCC_PREFIX_HEADER = "BombSquad/BombSquad-Prefix.pch";
				INFOPLIST_FILE = "BombSquad/BombSquad-Info.plist";
				IPHONEOS_DEPLOYMENT_TARGET = 5.1;
				PRODUCT_NAME = "$(TARGET_NAME)";
				PROVISIONING_PROFILE = "EC34DECD-F67B-458C-8854-51DEDE7EFF83";
				WRAPPER_EXTENSION = app;
			};
			name = Debug;
		};
		BD7E419A17972D7300FBB8D1 /* Release */ = {
			isa = XCBuildConfiguration;
			buildSettings = {
				"ADDITIONAL_SDKS[arch=*]" = "";
				CODE_SIGN_ENTITLEMENTS = BombSquad/BombSquad.entitlements;
				CODE_SIGN_IDENTITY = "iPhone Distribution: Andy Foulke (7459TL4JZU)";
				GCC_PRECOMPILE_PREFIX_HEADER = YES;
				GCC_PREFIX_HEADER = "BombSquad/BombSquad-Prefix.pch";
				INFOPLIST_FILE = "BombSquad/BombSquad-Info.plist";
				IPHONEOS_DEPLOYMENT_TARGET = 5.1;
				PRODUCT_NAME = "$(TARGET_NAME)";
				PROVISIONING_PROFILE = "EC34DECD-F67B-458C-8854-51DEDE7EFF83";
				WRAPPER_EXTENSION = app;
			};
			name = Release;
		};
		BD7E419C17972D7300FBB8D1 /* Debug */ = {
			isa = XCBuildConfiguration;
			buildSettings = {
				BUNDLE_LOADER = "$(BUILT_PRODUCTS_DIR)/BombSquad.app/BombSquad";
				FRAMEWORK_SEARCH_PATHS = (
					"\"$(SDKROOT)/Developer/Library/Frameworks\"",
					"\"$(DEVELOPER_LIBRARY_DIR)/Frameworks\"",
				);
				GCC_PRECOMPILE_PREFIX_HEADER = YES;
				GCC_PREFIX_HEADER = "BombSquad/BombSquad-Prefix.pch";
				INFOPLIST_FILE = "BombSquadTests/BombSquadTests-Info.plist";
				PRODUCT_NAME = "$(TARGET_NAME)";
				TEST_HOST = "$(BUNDLE_LOADER)";
				WRAPPER_EXTENSION = octest;
			};
			name = Debug;
		};
		BD7E419D17972D7300FBB8D1 /* Release */ = {
			isa = XCBuildConfiguration;
			buildSettings = {
				BUNDLE_LOADER = "$(BUILT_PRODUCTS_DIR)/BombSquad.app/BombSquad";
				FRAMEWORK_SEARCH_PATHS = (
					"\"$(SDKROOT)/Developer/Library/Frameworks\"",
					"\"$(DEVELOPER_LIBRARY_DIR)/Frameworks\"",
				);
				GCC_PRECOMPILE_PREFIX_HEADER = YES;
				GCC_PREFIX_HEADER = "BombSquad/BombSquad-Prefix.pch";
				INFOPLIST_FILE = "BombSquadTests/BombSquadTests-Info.plist";
				PRODUCT_NAME = "$(TARGET_NAME)";
				TEST_HOST = "$(BUNDLE_LOADER)";
				WRAPPER_EXTENSION = octest;
			};
			name = Release;
		};
/* End XCBuildConfiguration section */

/* Begin XCConfigurationList section */
		BD7E415817972D7300FBB8D1 /* Build configuration list for PBXProject "BombSquad" */ = {
			isa = XCConfigurationList;
			buildConfigurations = (
				BD7E419617972D7300FBB8D1 /* Debug */,
				BD7E419717972D7300FBB8D1 /* Release */,
			);
			defaultConfigurationIsVisible = 0;
			defaultConfigurationName = Release;
		};
		BD7E419817972D7300FBB8D1 /* Build configuration list for PBXNativeTarget "BombSquad" */ = {
			isa = XCConfigurationList;
			buildConfigurations = (
				BD7E419917972D7300FBB8D1 /* Debug */,
				BD7E419A17972D7300FBB8D1 /* Release */,
			);
			defaultConfigurationIsVisible = 0;
			defaultConfigurationName = Release;
		};
		BD7E419B17972D7300FBB8D1 /* Build configuration list for PBXNativeTarget "BombSquadTests" */ = {
			isa = XCConfigurationList;
			buildConfigurations = (
				BD7E419C17972D7300FBB8D1 /* Debug */,
				BD7E419D17972D7300FBB8D1 /* Release */,
			);
			defaultConfigurationIsVisible = 0;
			defaultConfigurationName = Release;
		};
/* End XCConfigurationList section */
	};
	rootObject = BD7E415517972D7300FBB8D1 /* Project object */;
}
